
Microsoft Visual Studio Solution File, Format Version 12.00
# Visual Studio 15
VisualStudioVersion = 15.0.28307.1062
MinimumVisualStudioVersion = 10.0.40219.1
Project("{FAE04EC0-301F-11D3-BF4B-00C04F79EFBC}") = "CLA", "CLA\CLA.csproj", "{317F2378-523C-4F6F-BF72-9BCCB64D4E6A}"
EndProject
Global
	GlobalSection(SolutionConfigurationPlatforms) = preSolution
		Debug|Any CPU = Debug|Any CPU
		Release|Any CPU = Release|Any CPU
	EndGlobalSection
	GlobalSection(ProjectConfigurationPlatforms) = postSolution
		{317F2378-523C-4F6F-BF72-9BCCB64D4E6A}.Debug|Any CPU.ActiveCfg = Debug|Any CPU
		{317F2378-523C-4F6F-BF72-9BCCB64D4E6A}.Debug|Any CPU.Build.0 = Debug|Any CPU
		{317F2378-523C-4F6F-BF72-9BCCB64D4E6A}.Release|Any CPU.ActiveCfg = Release|Any CPU
		{317F2378-523C-4F6F-BF72-9BCCB64D4E6A}.Release|Any CPU.Build.0 = Release|Any CPU
	EndGlobalSection
	GlobalSection(SolutionProperties) = preSolution
		HideSolutionNode = FALSE
	EndGlobalSection
	GlobalSection(ExtensibilityGlobals) = postSolution
		SolutionGuid = {5DAFBEEA-6F2D-468A-BAF6-70A76E1B7591}
	EndGlobalSection
EndGlobal
